// !$*UTF8*$!
{
	archiveVersion = 1;
	classes = {
	};
	objectVersion = 50;
	objects = {

/* Begin PBXBuildFile section */
		9822627925CD46A5003E17E4 /* AppDelegate.swift in Sources */ = {isa = PBXBuildFile; fileRef = 9822627825CD46A5003E17E4 /* AppDelegate.swift */; };
		9822627B25CD46A5003E17E4 /* SceneDelegate.swift in Sources */ = {isa = PBXBuildFile; fileRef = 9822627A25CD46A5003E17E4 /* SceneDelegate.swift */; };
		9822627D25CD46A5003E17E4 /* ViewController.swift in Sources */ = {isa = PBXBuildFile; fileRef = 9822627C25CD46A5003E17E4 /* ViewController.swift */; };
		9822628025CD46A5003E17E4 /* Main.storyboard in Resources */ = {isa = PBXBuildFile; fileRef = 9822627E25CD46A5003E17E4 /* Main.storyboard */; };
		9822628225CD46A6003E17E4 /* Assets.xcassets in Resources */ = {isa = PBXBuildFile; fileRef = 9822628125CD46A6003E17E4 /* Assets.xcassets */; };
		9822628525CD46A6003E17E4 /* LaunchScreen.storyboard in Resources */ = {isa = PBXBuildFile; fileRef = 9822628325CD46A6003E17E4 /* LaunchScreen.storyboard */; };
		982262AF25CD4C1E003E17E4 /* Extension.swift in Sources */ = {isa = PBXBuildFile; fileRef = 982262AE25CD4C1E003E17E4 /* Extension.swift */; };
/* End PBXBuildFile section */

/* Begin PBXContainerItemProxy section */
		9822628C25CD46A6003E17E4 /* PBXContainerItemProxy */ = {
			isa = PBXContainerItemProxy;
			containerPortal = 9822626D25CD46A5003E17E4 /* Project object */;
			proxyType = 1;
			remoteGlobalIDString = 9822627425CD46A5003E17E4;
			remoteInfo = IosAssignment;
		};
		9822629725CD46A6003E17E4 /* PBXContainerItemProxy */ = {
			isa = PBXContainerItemProxy;
			containerPortal = 9822626D25CD46A5003E17E4 /* Project object */;
			proxyType = 1;
			remoteGlobalIDString = 9822627425CD46A5003E17E4;
			remoteInfo = IosAssignment;
		};
/* End PBXContainerItemProxy section */

/* Begin PBXFileReference section */
		9822627525CD46A5003E17E4 /* IosAssignment.app */ = {isa = PBXFileReference; explicitFileType = wrapper.application; includeInIndex = 0; name = IosAssignment.app; path = "/Users/ashandias/Desktop/IOS APP DEV/Assignment/Assignment/MyAssignment/IOS-Assignment1/IosAssignment/build/Debug-iphoneos/IosAssignment.app"; sourceTree = "<absolute>"; };
		9822627825CD46A5003E17E4 /* AppDelegate.swift */ = {isa = PBXFileReference; lastKnownFileType = sourcecode.swift; path = AppDelegate.swift; sourceTree = "<group>"; };
		9822627A25CD46A5003E17E4 /* SceneDelegate.swift */ = {isa = PBXFileReference; lastKnownFileType = sourcecode.swift; path = SceneDelegate.swift; sourceTree = "<group>"; };
		9822627C25CD46A5003E17E4 /* ViewController.swift */ = {isa = PBXFileReference; lastKnownFileType = sourcecode.swift; path = ViewController.swift; sourceTree = "<group>"; };
		9822627F25CD46A5003E17E4 /* Base */ = {isa = PBXFileReference; lastKnownFileType = file.storyboard; name = Base; path = Base.lproj/Main.storyboard; sourceTree = "<group>"; };
		9822628125CD46A6003E17E4 /* Assets.xcassets */ = {isa = PBXFileReference; lastKnownFileType = folder.assetcatalog; path = Assets.xcassets; sourceTree = "<group>"; };
		9822628425CD46A6003E17E4 /* Base */ = {isa = PBXFileReference; lastKnownFileType = file.storyboard; name = Base; path = Base.lproj/LaunchScreen.storyboard; sourceTree = "<group>"; };
		9822628625CD46A6003E17E4 /* Info.plist */ = {isa = PBXFileReference; lastKnownFileType = text.plist.xml; path = Info.plist; sourceTree = "<group>"; };
		9822628B25CD46A6003E17E4 /* IosAssignmentTests.xctest */ = {isa = PBXFileReference; explicitFileType = wrapper.cfbundle; includeInIndex = 0; name = IosAssignmentTests.xctest; path = "/Users/ashandias/Desktop/IOS APP DEV/Assignment/Assignment/MyAssignment/IOS-Assignment1/IosAssignment/build/Debug-iphoneos/IosAssignmentTests.xctest"; sourceTree = "<absolute>"; };
		9822629625CD46A6003E17E4 /* IosAssignmentUITests.xctest */ = {isa = PBXFileReference; explicitFileType = wrapper.cfbundle; includeInIndex = 0; name = IosAssignmentUITests.xctest; path = "/Users/ashandias/Desktop/IOS APP DEV/Assignment/Assignment/MyAssignment/IOS-Assignment1/IosAssignment/build/Debug-iphoneos/IosAssignmentUITests.xctest"; sourceTree = "<absolute>"; };
		982262AE25CD4C1E003E17E4 /* Extension.swift */ = {isa = PBXFileReference; lastKnownFileType = sourcecode.swift; path = Extension.swift; sourceTree = "<group>"; };
/* End PBXFileReference section */

/* Begin PBXFrameworksBuildPhase section */
		9822627225CD46A5003E17E4 /* Frameworks */ = {
			isa = PBXFrameworksBuildPhase;
			buildActionMask = 2147483647;
			files = (
			);
			runOnlyForDeploymentPostprocessing = 0;
		};
		9822628825CD46A6003E17E4 /* Frameworks */ = {
			isa = PBXFrameworksBuildPhase;
			buildActionMask = 2147483647;
			files = (
			);
			runOnlyForDeploymentPostprocessing = 0;
		};
		9822629325CD46A6003E17E4 /* Frameworks */ = {
			isa = PBXFrameworksBuildPhase;
			buildActionMask = 2147483647;
			files = (
			);
			runOnlyForDeploymentPostprocessing = 0;
		};
/* End PBXFrameworksBuildPhase section */

/* Begin PBXGroup section */
		9822626C25CD46A5003E17E4 = {
			isa = PBXGroup;
			children = (
				9822627725CD46A5003E17E4 /* IosAssignment */,
			);
			sourceTree = "<group>";
		};
		9822627725CD46A5003E17E4 /* IosAssignment */ = {
			isa = PBXGroup;
			children = (
				9822627825CD46A5003E17E4 /* AppDelegate.swift */,
				9822627A25CD46A5003E17E4 /* SceneDelegate.swift */,
				9822627C25CD46A5003E17E4 /* ViewController.swift */,
				9822627E25CD46A5003E17E4 /* Main.storyboard */,
				9822628125CD46A6003E17E4 /* Assets.xcassets */,
				9822628325CD46A6003E17E4 /* LaunchScreen.storyboard */,
				9822628625CD46A6003E17E4 /* Info.plist */,
				982262AE25CD4C1E003E17E4 /* Extension.swift */,
			);
			path = IosAssignment;
			sourceTree = "<group>";
		};
/* End PBXGroup section */

/* Begin PBXNativeTarget section */
		9822627425CD46A5003E17E4 /* IosAssignment */ = {
			isa = PBXNativeTarget;
			buildConfigurationList = 9822629F25CD46A6003E17E4 /* Build configuration list for PBXNativeTarget "IosAssignment" */;
			buildPhases = (
				9822627125CD46A5003E17E4 /* Sources */,
				9822627225CD46A5003E17E4 /* Frameworks */,
				9822627325CD46A5003E17E4 /* Resources */,
			);
			buildRules = (
			);
			dependencies = (
			);
			name = IosAssignment;
			productName = IosAssignment;
			productReference = 9822627525CD46A5003E17E4 /* IosAssignment.app */;
			productType = "com.apple.product-type.application";
		};
		9822628A25CD46A6003E17E4 /* IosAssignmentTests */ = {
			isa = PBXNativeTarget;
			buildConfigurationList = 982262A225CD46A6003E17E4 /* Build configuration list for PBXNativeTarget "IosAssignmentTests" */;
			buildPhases = (
				9822628725CD46A6003E17E4 /* Sources */,
				9822628825CD46A6003E17E4 /* Frameworks */,
				9822628925CD46A6003E17E4 /* Resources */,
			);
			buildRules = (
			);
			dependencies = (
				9822628D25CD46A6003E17E4 /* PBXTargetDependency */,
			);
			name = IosAssignmentTests;
			productName = IosAssignmentTests;
			productReference = 9822628B25CD46A6003E17E4 /* IosAssignmentTests.xctest */;
			productType = "com.apple.product-type.bundle.unit-test";
		};
		9822629525CD46A6003E17E4 /* IosAssignmentUITests */ = {
			isa = PBXNativeTarget;
			buildConfigurationList = 982262A525CD46A6003E17E4 /* Build configuration list for PBXNativeTarget "IosAssignmentUITests" */;
			buildPhases = (
				9822629225CD46A6003E17E4 /* Sources */,
				9822629325CD46A6003E17E4 /* Frameworks */,
				9822629425CD46A6003E17E4 /* Resources */,
			);
			buildRules = (
			);
			dependencies = (
				9822629825CD46A6003E17E4 /* PBXTargetDependency */,
			);
			name = IosAssignmentUITests;
			productName = IosAssignmentUITests;
			productReference = 9822629625CD46A6003E17E4 /* IosAssignmentUITests.xctest */;
			productType = "com.apple.product-type.bundle.ui-testing";
		};
/* End PBXNativeTarget section */

/* Begin PBXProject section */
		9822626D25CD46A5003E17E4 /* Project object */ = {
			isa = PBXProject;
			attributes = {
				LastSwiftUpdateCheck = 1240;
				LastUpgradeCheck = 1240;
				TargetAttributes = {
					9822627425CD46A5003E17E4 = {
						CreatedOnToolsVersion = 12.4;
					};
					9822628A25CD46A6003E17E4 = {
						CreatedOnToolsVersion = 12.4;
						TestTargetID = 9822627425CD46A5003E17E4;
					};
					9822629525CD46A6003E17E4 = {
						CreatedOnToolsVersion = 12.4;
						TestTargetID = 9822627425CD46A5003E17E4;
					};
				};
			};
			buildConfigurationList = 9822627025CD46A5003E17E4 /* Build configuration list for PBXProject "IosAssignment" */;
			compatibilityVersion = "Xcode 9.3";
			developmentRegion = en;
			hasScannedForEncodings = 0;
			knownRegions = (
				en,
				Base,
			);
			mainGroup = 9822626C25CD46A5003E17E4;
			productRefGroup = 9822626C25CD46A5003E17E4;
			projectDirPath = "";
			projectRoot = "";
			targets = (
				9822627425CD46A5003E17E4 /* IosAssignment */,
				9822628A25CD46A6003E17E4 /* IosAssignmentTests */,
				9822629525CD46A6003E17E4 /* IosAssignmentUITests */,
			);
		};
/* End PBXProject section */

/* Begin PBXResourcesBuildPhase section */
		9822627325CD46A5003E17E4 /* Resources */ = {
			isa = PBXResourcesBuildPhase;
			buildActionMask = 2147483647;
			files = (
				9822628525CD46A6003E17E4 /* LaunchScreen.storyboard in Resources */,
				9822628225CD46A6003E17E4 /* Assets.xcassets in Resources */,
				9822628025CD46A5003E17E4 /* Main.storyboard in Resources */,
			);
			runOnlyForDeploymentPostprocessing = 0;
		};
		9822628925CD46A6003E17E4 /* Resources */ = {
			isa = PBXResourcesBuildPhase;
			buildActionMask = 2147483647;
			files = (
			);
			runOnlyForDeploymentPostprocessing = 0;
		};
		9822629425CD46A6003E17E4 /* Resources */ = {
			isa = PBXResourcesBuildPhase;
			buildActionMask = 2147483647;
			files = (
			);
			runOnlyForDeploymentPostprocessing = 0;
		};
/* End PBXResourcesBuildPhase section */

/* Begin PBXSourcesBuildPhase section */
		9822627125CD46A5003E17E4 /* Sources */ = {
			isa = PBXSourcesBuildPhase;
			buildActionMask = 2147483647;
			files = (
				9822627D25CD46A5003E17E4 /* ViewController.swift in Sources */,
				9822627925CD46A5003E17E4 /* AppDelegate.swift in Sources */,
				9822627B25CD46A5003E17E4 /* SceneDelegate.swift in Sources */,
				982262AF25CD4C1E003E17E4 /* Extension.swift in Sources */,
			);
			runOnlyForDeploymentPostprocessing = 0;
		};
		9822628725CD46A6003E17E4 /* Sources */ = {
			isa = PBXSourcesBuildPhase;
			buildActionMask = 2147483647;
			files = (
			);
			runOnlyForDeploymentPostprocessing = 0;
		};
		9822629225CD46A6003E17E4 /* Sources */ = {
			isa = PBXSourcesBuildPhase;
			buildActionMask = 2147483647;
			files = (
			);
			runOnlyForDeploymentPostprocessing = 0;
		};
/* End PBXSourcesBuildPhase section */

/* Begin PBXTargetDependency section */
		9822628D25CD46A6003E17E4 /* PBXTargetDependency */ = {
			isa = PBXTargetDependency;
			target = 9822627425CD46A5003E17E4 /* IosAssignment */;
			targetProxy = 9822628C25CD46A6003E17E4 /* PBXContainerItemProxy */;
		};
		9822629825CD46A6003E17E4 /* PBXTargetDependency */ = {
			isa = PBXTargetDependency;
			target = 9822627425CD46A5003E17E4 /* IosAssignment */;
			targetProxy = 9822629725CD46A6003E17E4 /* PBXContainerItemProxy */;
		};
/* End PBXTargetDependency section */

/* Begin PBXVariantGroup section */
		9822627E25CD46A5003E17E4 /* Main.storyboard */ = {
			isa = PBXVariantGroup;
			children = (
				9822627F25CD46A5003E17E4 /* Base */,
			);
			name = Main.storyboard;
			sourceTree = "<group>";
		};
		9822628325CD46A6003E17E4 /* LaunchScreen.storyboard */ = {
			isa = PBXVariantGroup;
			children = (
				9822628425CD46A6003E17E4 /* Base */,
			);
			name = LaunchScreen.storyboard;
			sourceTree = "<group>";
		};
/* End PBXVariantGroup section */

/* Begin XCBuildConfiguration section */
		9822629D25CD46A6003E17E4 /* Debug */ = {
			isa = XCBuildConfiguration;
			buildSettings = {
				ALWAYS_SEARCH_USER_PATHS = NO;
				CLANG_ANALYZER_NONNULL = YES;
				CLANG_ANALYZER_NUMBER_OBJECT_CONVERSION = YES_AGGRESSIVE;
				CLANG_CXX_LANGUAGE_STANDARD = "gnu++14";
				CLANG_CXX_LIBRARY = "libc++";
				CLANG_ENABLE_MODULES = YES;
				CLANG_ENABLE_OBJC_ARC = YES;
				CLANG_ENABLE_OBJC_WEAK = YES;
				CLANG_WARN_BLOCK_CAPTURE_AUTORELEASING = YES;
				CLANG_WARN_BOOL_CONVERSION = YES;
				CLANG_WARN_COMMA = YES;
				CLANG_WARN_CONSTANT_CONVERSION = YES;
				CLANG_WARN_DEPRECATED_OBJC_IMPLEMENTATIONS = YES;
				CLANG_WARN_DIRECT_OBJC_ISA_USAGE = YES_ERROR;
				CLANG_WARN_DOCUMENTATION_COMMENTS = YES;
				CLANG_WARN_EMPTY_BODY = YES;
				CLANG_WARN_ENUM_CONVERSION = YES;
				CLANG_WARN_INFINITE_RECURSION = YES;
				CLANG_WARN_INT_CONVERSION = YES;
				CLANG_WARN_NON_LITERAL_NULL_CONVERSION = YES;
				CLANG_WARN_OBJC_IMPLICIT_RETAIN_SELF = YES;
				CLANG_WARN_OBJC_LITERAL_CONVERSION = YES;
				CLANG_WARN_OBJC_ROOT_CLASS = YES_ERROR;
				CLANG_WARN_QUOTED_INCLUDE_IN_FRAMEWORK_HEADER = YES;
				CLANG_WARN_RANGE_LOOP_ANALYSIS = YES;
				CLANG_WARN_STRICT_PROTOTYPES = YES;
				CLANG_WARN_SUSPICIOUS_MOVE = YES;
				CLANG_WARN_UNGUARDED_AVAILABILITY = YES_AGGRESSIVE;
				CLANG_WARN_UNREACHABLE_CODE = YES;
				CLANG_WARN__DUPLICATE_METHOD_MATCH = YES;
				COPY_PHASE_STRIP = NO;
				DEBUG_INFORMATION_FORMAT = dwarf;
				ENABLE_STRICT_OBJC_MSGSEND = YES;
				ENABLE_TESTABILITY = YES;
				GCC_C_LANGUAGE_STANDARD = gnu11;
				GCC_DYNAMIC_NO_PIC = NO;
				GCC_NO_COMMON_BLOCKS = YES;
				GCC_OPTIMIZATION_LEVEL = 0;
				GCC_PREPROCESSOR_DEFINITIONS = (
					"DEBUG=1",
					"$(inherited)",
				);
				GCC_WARN_64_TO_32_BIT_CONVERSION = YES;
				GCC_WARN_ABOUT_RETURN_TYPE = YES_ERROR;
				GCC_WARN_UNDECLARED_SELECTOR = YES;
				GCC_WARN_UNINITIALIZED_AUTOS = YES_AGGRESSIVE;
				GCC_WARN_UNUSED_FUNCTION = YES;
				GCC_WARN_UNUSED_VARIABLE = YES;
				IPHONEOS_DEPLOYMENT_TARGET = 14.4;
				MTL_ENABLE_DEBUG_INFO = INCLUDE_SOURCE;
				MTL_FAST_MATH = YES;
				ONLY_ACTIVE_ARCH = YES;
				SDKROOT = iphoneos;
				SWIFT_ACTIVE_COMPILATION_CONDITIONS = DEBUG;
				SWIFT_OPTIMIZATION_LEVEL = "-Onone";
			};
			name = Debug;
		};
		9822629E25CD46A6003E17E4 /* Release */ = {
			isa = XCBuildConfiguration;
			buildSettings = {
				ALWAYS_SEARCH_USER_PATHS = NO;
				CLANG_ANALYZER_NONNULL = YES;
				CLANG_ANALYZER_NUMBER_OBJECT_CONVERSION = YES_AGGRESSIVE;
				CLANG_CXX_LANGUAGE_STANDARD = "gnu++14";
				CLANG_CXX_LIBRARY = "libc++";
				CLANG_ENABLE_MODULES = YES;
				CLANG_ENABLE_OBJC_ARC = YES;
				CLANG_ENABLE_OBJC_WEAK = YES;
				CLANG_WARN_BLOCK_CAPTURE_AUTORELEASING = YES;
				CLANG_WARN_BOOL_CONVERSION = YES;
				CLANG_WARN_COMMA = YES;
				CLANG_WARN_CONSTANT_CONVERSION = YES;
				CLANG_WARN_DEPRECATED_OBJC_IMPLEMENTATIONS = YES;
				CLANG_WARN_DIRECT_OBJC_ISA_USAGE = YES_ERROR;
				CLANG_WARN_DOCUMENTATION_COMMENTS = YES;
				CLANG_WARN_EMPTY_BODY = YES;
				CLANG_WARN_ENUM_CONVERSION = YES;
				CLANG_WARN_INFINITE_RECURSION = YES;
				CLANG_WARN_INT_CONVERSION = YES;
				CLANG_WARN_NON_LITERAL_NULL_CONVERSION = YES;
				CLANG_WARN_OBJC_IMPLICIT_RETAIN_SELF = YES;
				CLANG_WARN_OBJC_LITERAL_CONVERSION = YES;
				CLANG_WARN_OBJC_ROOT_CLASS = YES_ERROR;
				CLANG_WARN_QUOTED_INCLUDE_IN_FRAMEWORK_HEADER = YES;
				CLANG_WARN_RANGE_LOOP_ANALYSIS = YES;
				CLANG_WARN_STRICT_PROTOTYPES = YES;
				CLANG_WARN_SUSPICIOUS_MOVE = YES;
				CLANG_WARN_UNGUARDED_AVAILABILITY = YES_AGGRESSIVE;
				CLANG_WARN_UNREACHABLE_CODE = YES;
				CLANG_WARN__DUPLICATE_METHOD_MATCH = YES;
				COPY_PHASE_STRIP = NO;
				DEBUG_INFORMATION_FORMAT = "dwarf-with-dsym";
				ENABLE_NS_ASSERTIONS = NO;
				ENABLE_STRICT_OBJC_MSGSEND = YES;
				GCC_C_LANGUAGE_STANDARD = gnu11;
				GCC_NO_COMMON_BLOCKS = YES;
				GCC_WARN_64_TO_32_BIT_CONVERSION = YES;
				GCC_WARN_ABOUT_RETURN_TYPE = YES_ERROR;
				GCC_WARN_UNDECLARED_SELECTOR = YES;
				GCC_WARN_UNINITIALIZED_AUTOS = YES_AGGRESSIVE;
				GCC_WARN_UNUSED_FUNCTION = YES;
				GCC_WARN_UNUSED_VARIABLE = YES;
				IPHONEOS_DEPLOYMENT_TARGET = 14.4;
				MTL_ENABLE_DEBUG_INFO = NO;
				MTL_FAST_MATH = YES;
				SDKROOT = iphoneos;
				SWIFT_COMPILATION_MODE = wholemodule;
				SWIFT_OPTIMIZATION_LEVEL = "-O";
				VALIDATE_PRODUCT = YES;
			};
			name = Release;
		};
		982262A025CD46A6003E17E4 /* Debug */ = {
			isa = XCBuildConfiguration;
			buildSettings = {
				ASSETCATALOG_COMPILER_APPICON_NAME = AppIcon;
				ASSETCATALOG_COMPILER_GLOBAL_ACCENT_COLOR_NAME = AccentColor;
				CODE_SIGN_STYLE = Automatic;
				INFOPLIST_FILE = IosAssignment/Info.plist;
				LD_RUNPATH_SEARCH_PATHS = (
					"$(inherited)",
					"@executable_path/Frameworks",
				);
				PRODUCT_BUNDLE_IDENTIFIER = Test.IosAssignment;
				PRODUCT_NAME = "$(TARGET_NAME)";
				SWIFT_VERSION = 5.0;
				TARGETED_DEVICE_FAMILY = "1,2";
			};
			name = Debug;
		};
		982262A125CD46A6003E17E4 /* Release */ = {
			isa = XCBuildConfiguration;
			buildSettings = {
				ASSETCATALOG_COMPILER_APPICON_NAME = AppIcon;
				ASSETCATALOG_COMPILER_GLOBAL_ACCENT_COLOR_NAME = AccentColor;
				CODE_SIGN_STYLE = Automatic;
				INFOPLIST_FILE = IosAssignment/Info.plist;
				LD_RUNPATH_SEARCH_PATHS = (
					"$(inherited)",
					"@executable_path/Frameworks",
				);
				PRODUCT_BUNDLE_IDENTIFIER = Test.IosAssignment;
				PRODUCT_NAME = "$(TARGET_NAME)";
				SWIFT_VERSION = 5.0;
				TARGETED_DEVICE_FAMILY = "1,2";
			};
			name = Release;
		};
		982262A325CD46A6003E17E4 /* Debug */ = {
			isa = XCBuildConfiguration;
			buildSettings = {
				ALWAYS_EMBED_SWIFT_STANDARD_LIBRARIES = YES;
				BUNDLE_LOADER = "$(TEST_HOST)";
				CODE_SIGN_STYLE = Automatic;
				INFOPLIST_FILE = IosAssignmentTests/Info.plist;
				IPHONEOS_DEPLOYMENT_TARGET = 14.4;
				LD_RUNPATH_SEARCH_PATHS = (
					"$(inherited)",
					"@executable_path/Frameworks",
					"@loader_path/Frameworks",
				);
				PRODUCT_BUNDLE_IDENTIFIER = Test.IosAssignmentTests;
				PRODUCT_NAME = "$(TARGET_NAME)";
				SWIFT_VERSION = 5.0;
				TARGETED_DEVICE_FAMILY = "1,2";
				TEST_HOST = "$(BUILT_PRODUCTS_DIR)/IosAssignment.app/IosAssignment";
			};
			name = Debug;
		};
		982262A425CD46A6003E17E4 /* Release */ = {
			isa = XCBuildConfiguration;
			buildSettings = {
				ALWAYS_EMBED_SWIFT_STANDARD_LIBRARIES = YES;
				BUNDLE_LOADER = "$(TEST_HOST)";
				CODE_SIGN_STYLE = Automatic;
				INFOPLIST_FILE = IosAssignmentTests/Info.plist;
				IPHONEOS_DEPLOYMENT_TARGET = 14.4;
				LD_RUNPATH_SEARCH_PATHS = (
					"$(inherited)",
					"@executable_path/Frameworks",
					"@loader_path/Frameworks",
				);
				PRODUCT_BUNDLE_IDENTIFIER = Test.IosAssignmentTests;
				PRODUCT_NAME = "$(TARGET_NAME)";
				SWIFT_VERSION = 5.0;
				TARGETED_DEVICE_FAMILY = "1,2";
				TEST_HOST = "$(BUILT_PRODUCTS_DIR)/IosAssignment.app/IosAssignment";
			};
			name = Release;
		};
		982262A625CD46A6003E17E4 /* Debug */ = {
			isa = XCBuildConfiguration;
			buildSettings = {
				ALWAYS_EMBED_SWIFT_STANDARD_LIBRARIES = YES;
				CODE_SIGN_STYLE = Automatic;
				INFOPLIST_FILE = IosAssignmentUITests/Info.plist;
				LD_RUNPATH_SEARCH_PATHS = (
					"$(inherited)",
					"@executable_path/Frameworks",
					"@loader_path/Frameworks",
				);
				PRODUCT_BUNDLE_IDENTIFIER = Test.IosAssignmentUITests;
				PRODUCT_NAME = "$(TARGET_NAME)";
				SWIFT_VERSION = 5.0;
				TARGETED_DEVICE_FAMILY = "1,2";
				TEST_TARGET_NAME = IosAssignment;
			};
			name = Debug;
		};
		982262A725CD46A6003E17E4 /* Release */ = {
			isa = XCBuildConfiguration;
			buildSettings = {
				ALWAYS_EMBED_SWIFT_STANDARD_LIBRARIES = YES;
				CODE_SIGN_STYLE = Automatic;
				INFOPLIST_FILE = IosAssignmentUITests/Info.plist;
				LD_RUNPATH_SEARCH_PATHS = (
					"$(inherited)",
					"@executable_path/Frameworks",
					"@loader_path/Frameworks",
				);
				PRODUCT_BUNDLE_IDENTIFIER = Test.IosAssignmentUITests;
				PRODUCT_NAME = "$(TARGET_NAME)";
				SWIFT_VERSION = 5.0;
				TARGETED_DEVICE_FAMILY = "1,2";
				TEST_TARGET_NAME = IosAssignment;
			};
			name = Release;
		};
/* End XCBuildConfiguration section */

/* Begin XCConfigurationList section */
		9822627025CD46A5003E17E4 /* Build configuration list for PBXProject "IosAssignment" */ = {
			isa = XCConfigurationList;
			buildConfigurations = (
				9822629D25CD46A6003E17E4 /* Debug */,
				9822629E25CD46A6003E17E4 /* Release */,
			);
			defaultConfigurationIsVisible = 0;
			defaultConfigurationName = Release;
		};
		9822629F25CD46A6003E17E4 /* Build configuration list for PBXNativeTarget "IosAssignment" */ = {
			isa = XCConfigurationList;
			buildConfigurations = (
				982262A025CD46A6003E17E4 /* Debug */,
				982262A125CD46A6003E17E4 /* Release */,
			);
			defaultConfigurationIsVisible = 0;
			defaultConfigurationName = Release;
		};
		982262A225CD46A6003E17E4 /* Build configuration list for PBXNativeTarget "IosAssignmentTests" */ = {
			isa = XCConfigurationList;
			buildConfigurations = (
				982262A325CD46A6003E17E4 /* Debug */,
				982262A425CD46A6003E17E4 /* Release */,
			);
			defaultConfigurationIsVisible = 0;
			defaultConfigurationName = Release;
		};
		982262A525CD46A6003E17E4 /* Build configuration list for PBXNativeTarget "IosAssignmentUITests" */ = {
			isa = XCConfigurationList;
			buildConfigurations = (
				982262A625CD46A6003E17E4 /* Debug */,
				982262A725CD46A6003E17E4 /* Release */,
			);
			defaultConfigurationIsVisible = 0;
			defaultConfigurationName = Release;
		};
/* End XCConfigurationList section */
	};
	rootObject = 9822626D25CD46A5003E17E4 /* Project object */;
}
